
Microsoft Visual Studio Solution File, Format Version 12.00
# Visual Studio Version 17
VisualStudioVersion = 17.6.33723.286
MinimumVisualStudioVersion = 10.0.40219.1
Project("{FAE04EC0-301F-11D3-BF4B-00C04F79EFBC}") = "ClockApp", "ClockApp.csproj", "{3ECFD9F1-856C-4EF2-A0FD-3AF4E81CB076}"
EndProject
Global
	GlobalSection(SolutionConfigurationPlatforms) = preSolution
		Debug|Any CPU = Debug|Any CPU
		Release|Any CPU = Release|Any CPU
	EndGlobalSection
	GlobalSection(ProjectConfigurationPlatforms) = postSolution
		{3ECFD9F1-856C-4EF2-A0FD-3AF4E81CB076}.Debug|Any CPU.ActiveCfg = Debug|Any CPU
		{3ECFD9F1-856C-4EF2-A0FD-3AF4E81CB076}.Debug|Any CPU.Build.0 = Debug|Any CPU
		{3ECFD9F1-856C-4EF2-A0FD-3AF4E81CB076}.Release|Any CPU.ActiveCfg = Release|Any CPU
		{3ECFD9F1-856C-4EF2-A0FD-3AF4E81CB076}.Release|Any CPU.Build.0 = Release|Any CPU
	EndGlobalSection
	GlobalSection(SolutionProperties) = preSolution
		HideSolutionNode = FALSE
	EndGlobalSection
	GlobalSection(ExtensibilityGlobals) = postSolution
		SolutionGuid = {6B888CAB-9A4E-4468-9C00-6AFB6FF8990E}
	EndGlobalSection
EndGlobal
